// !$*UTF8*$!
{
	archiveVersion = 1;
	classes = {
	};
	objectVersion = 77;
	objects = {

/* Begin PBXBuildFile section */
		01509B462E95911000139963 /* WidgetKit.framework in Frameworks */ = {isa = PBXBuildFile; fileRef = 01509B452E95910F00139963 /* WidgetKit.framework */; };
		01509B482E95911000139963 /* SwiftUI.framework in Frameworks */ = {isa = PBXBuildFile; fileRef = 01509B472E95911000139963 /* SwiftUI.framework */; };
		01509B572E95911100139963 /* EpilogueWidgetsExtension.appex in Embed Foundation Extensions */ = {isa = PBXBuildFile; fileRef = 01509B432E95910F00139963 /* EpilogueWidgetsExtension.appex */; settings = {ATTRIBUTES = (RemoveHeadersOnCopy, ); }; };
		015807FE2E3601C0006DC492 /* UIImageColors in Frameworks */ = {isa = PBXBuildFile; productRef = 015807FD2E3601C0006DC492 /* UIImageColors */; };
		015808272E383E72006DC492 /* Config.xcconfig in Resources */ = {isa = PBXBuildFile; fileRef = 015808262E383E72006DC492 /* Config.xcconfig */; };
		015D13B02E3353A7002633FE /* WhisperKit in Frameworks */ = {isa = PBXBuildFile; productRef = 015D13AF2E3353A7002633FE /* WhisperKit */; };
		015D13B22E3353A7002633FE /* whisperkit-cli in Frameworks */ = {isa = PBXBuildFile; productRef = 015D13B12E3353A7002633FE /* whisperkit-cli */; };
		01E35EC72E998D1B002A2B65 /* Epilogue.storekit in Resources */ = {isa = PBXBuildFile; fileRef = 01E35EC62E998D1B002A2B65 /* Epilogue.storekit */; };
/* End PBXBuildFile section */

/* Begin PBXContainerItemProxy section */
		01509B552E95911100139963 /* PBXContainerItemProxy */ = {
			isa = PBXContainerItemProxy;
			containerPortal = 015D10EA2E318D5D002633FE /* Project object */;
			proxyType = 1;
			remoteGlobalIDString = 01509B422E95910F00139963;
			remoteInfo = EpilogueWidgetsExtension;
		};
		015D11042E318D5E002633FE /* PBXContainerItemProxy */ = {
			isa = PBXContainerItemProxy;
			containerPortal = 015D10EA2E318D5D002633FE /* Project object */;
			proxyType = 1;
			remoteGlobalIDString = 015D10F12E318D5D002633FE;
			remoteInfo = Epilogue;
		};
		015D110E2E318D5E002633FE /* PBXContainerItemProxy */ = {
			isa = PBXContainerItemProxy;
			containerPortal = 015D10EA2E318D5D002633FE /* Project object */;
			proxyType = 1;
			remoteGlobalIDString = 015D10F12E318D5D002633FE;
			remoteInfo = Epilogue;
		};
/* End PBXContainerItemProxy section */

/* Begin PBXCopyFilesBuildPhase section */
		01509B582E95911100139963 /* Embed Foundation Extensions */ = {
			isa = PBXCopyFilesBuildPhase;
			buildActionMask = 2147483647;
			dstPath = "";
			dstSubfolderSpec = 13;
			files = (
				01509B572E95911100139963 /* EpilogueWidgetsExtension.appex in Embed Foundation Extensions */,
			);
			name = "Embed Foundation Extensions";
			runOnlyForDeploymentPostprocessing = 0;
		};
/* End PBXCopyFilesBuildPhase section */

/* Begin PBXFileReference section */
		01509B432E95910F00139963 /* EpilogueWidgetsExtension.appex */ = {isa = PBXFileReference; explicitFileType = "wrapper.app-extension"; includeInIndex = 0; path = EpilogueWidgetsExtension.appex; sourceTree = BUILT_PRODUCTS_DIR; };
		01509B452E95910F00139963 /* WidgetKit.framework */ = {isa = PBXFileReference; lastKnownFileType = wrapper.framework; name = WidgetKit.framework; path = System/Library/Frameworks/WidgetKit.framework; sourceTree = SDKROOT; };
		01509B472E95911000139963 /* SwiftUI.framework */ = {isa = PBXFileReference; lastKnownFileType = wrapper.framework; name = SwiftUI.framework; path = System/Library/Frameworks/SwiftUI.framework; sourceTree = SDKROOT; };
		015808262E383E72006DC492 /* Config.xcconfig */ = {isa = PBXFileReference; lastKnownFileType = text.xcconfig; path = Config.xcconfig; sourceTree = "<group>"; };
		015D10F22E318D5D002633FE /* ReadEpilogue.app */ = {isa = PBXFileReference; explicitFileType = wrapper.application; includeInIndex = 0; path = ReadEpilogue.app; sourceTree = BUILT_PRODUCTS_DIR; };
		015D11032E318D5E002633FE /* EpilogueTests.xctest */ = {isa = PBXFileReference; explicitFileType = wrapper.cfbundle; includeInIndex = 0; path = EpilogueTests.xctest; sourceTree = BUILT_PRODUCTS_DIR; };
		015D110D2E318D5E002633FE /* EpilogueUITests.xctest */ = {isa = PBXFileReference; explicitFileType = wrapper.cfbundle; includeInIndex = 0; path = EpilogueUITests.xctest; sourceTree = BUILT_PRODUCTS_DIR; };
		01E35EC62E998D1B002A2B65 /* Epilogue.storekit */ = {isa = PBXFileReference; lastKnownFileType = text; path = Epilogue.storekit; sourceTree = "<group>"; };
/* End PBXFileReference section */

/* Begin PBXFileSystemSynchronizedBuildFileExceptionSet section */
		01509B5C2E95911100139963 /* Exceptions for "EpilogueWidgets" folder in "EpilogueWidgetsExtension" target */ = {
			isa = PBXFileSystemSynchronizedBuildFileExceptionSet;
			membershipExceptions = (
				Info.plist,
			);
			target = 01509B422E95910F00139963 /* EpilogueWidgetsExtension */;
		};
		015D13852E328EA6002633FE /* Exceptions for "Epilogue" folder in "ReadEpilogue" target */ = {
			isa = PBXFileSystemSynchronizedBuildFileExceptionSet;
			membershipExceptions = (
				Info.plist,
			);
			target = 015D10F12E318D5D002633FE /* ReadEpilogue */;
		};
		01E35EB72E95A2EF002A2B65 /* Exceptions for "EpilogueWidgets" folder in "ReadEpilogue" target */ = {
			isa = PBXFileSystemSynchronizedBuildFileExceptionSet;
			membershipExceptions = (
				WidgetDataHelper.swift,
			);
			target = 015D10F12E318D5D002633FE /* ReadEpilogue */;
		};
/* End PBXFileSystemSynchronizedBuildFileExceptionSet section */

/* Begin PBXFileSystemSynchronizedRootGroup section */
		01509B492E95911000139963 /* EpilogueWidgets */ = {
			isa = PBXFileSystemSynchronizedRootGroup;
			exceptions = (
				01E35EB72E95A2EF002A2B65 /* Exceptions for "EpilogueWidgets" folder in "ReadEpilogue" target */,
				01509B5C2E95911100139963 /* Exceptions for "EpilogueWidgets" folder in "EpilogueWidgetsExtension" target */,
			);
			path = EpilogueWidgets;
			sourceTree = "<group>";
		};
		015D10F42E318D5D002633FE /* Epilogue */ = {
			isa = PBXFileSystemSynchronizedRootGroup;
			exceptions = (
				015D13852E328EA6002633FE /* Exceptions for "Epilogue" folder in "ReadEpilogue" target */,
			);
			path = Epilogue;
			sourceTree = "<group>";
		};
		015D11062E318D5E002633FE /* EpilogueTests */ = {
			isa = PBXFileSystemSynchronizedRootGroup;
			path = EpilogueTests;
			sourceTree = "<group>";
		};
		015D11102E318D5E002633FE /* EpilogueUITests */ = {
			isa = PBXFileSystemSynchronizedRootGroup;
			path = EpilogueUITests;
			sourceTree = "<group>";
		};
/* End PBXFileSystemSynchronizedRootGroup section */

/* Begin PBXFrameworksBuildPhase section */
		01509B402E95910F00139963 /* Frameworks */ = {
			isa = PBXFrameworksBuildPhase;
			buildActionMask = 2147483647;
			files = (
				01509B482E95911000139963 /* SwiftUI.framework in Frameworks */,
				01509B462E95911000139963 /* WidgetKit.framework in Frameworks */,
			);
			runOnlyForDeploymentPostprocessing = 0;
		};
		015D10EF2E318D5D002633FE /* Frameworks */ = {
			isa = PBXFrameworksBuildPhase;
			buildActionMask = 2147483647;
			files = (
				015807FE2E3601C0006DC492 /* UIImageColors in Frameworks */,
				015D13B02E3353A7002633FE /* WhisperKit in Frameworks */,
				015D13B22E3353A7002633FE /* whisperkit-cli in Frameworks */,
			);
			runOnlyForDeploymentPostprocessing = 0;
		};
		015D11002E318D5E002633FE /* Frameworks */ = {
			isa = PBXFrameworksBuildPhase;
			buildActionMask = 2147483647;
			files = (
			);
			runOnlyForDeploymentPostprocessing = 0;
		};
		015D110A2E318D5E002633FE /* Frameworks */ = {
			isa = PBXFrameworksBuildPhase;
			buildActionMask = 2147483647;
			files = (
			);
			runOnlyForDeploymentPostprocessing = 0;
		};
/* End PBXFrameworksBuildPhase section */

/* Begin PBXGroup section */
		01509B442E95910F00139963 /* Frameworks */ = {
			isa = PBXGroup;
			children = (
				01509B452E95910F00139963 /* WidgetKit.framework */,
				01509B472E95911000139963 /* SwiftUI.framework */,
			);
			name = Frameworks;
			sourceTree = "<group>";
		};
		015D10E92E318D5D002633FE = {
			isa = PBXGroup;
			children = (
				01E35EC62E998D1B002A2B65 /* Epilogue.storekit */,
				015D10F42E318D5D002633FE /* Epilogue */,
				015D11062E318D5E002633FE /* EpilogueTests */,
				015D11102E318D5E002633FE /* EpilogueUITests */,
				01509B492E95911000139963 /* EpilogueWidgets */,
				01509B442E95910F00139963 /* Frameworks */,
				015D10F32E318D5D002633FE /* Products */,
				015808262E383E72006DC492 /* Config.xcconfig */,
			);
			sourceTree = "<group>";
		};
		015D10F32E318D5D002633FE /* Products */ = {
			isa = PBXGroup;
			children = (
				015D10F22E318D5D002633FE /* ReadEpilogue.app */,
				015D11032E318D5E002633FE /* EpilogueTests.xctest */,
				015D110D2E318D5E002633FE /* EpilogueUITests.xctest */,
				01509B432E95910F00139963 /* EpilogueWidgetsExtension.appex */,
			);
			name = Products;
			sourceTree = "<group>";
		};
/* End PBXGroup section */

/* Begin PBXNativeTarget section */
		01509B422E95910F00139963 /* EpilogueWidgetsExtension */ = {
			isa = PBXNativeTarget;
			buildConfigurationList = 01509B5B2E95911100139963 /* Build configuration list for PBXNativeTarget "EpilogueWidgetsExtension" */;
			buildPhases = (
				01509B3F2E95910F00139963 /* Sources */,
				01509B402E95910F00139963 /* Frameworks */,
				01509B412E95910F00139963 /* Resources */,
			);
			buildRules = (
			);
			dependencies = (
			);
			fileSystemSynchronizedGroups = (
				01509B492E95911000139963 /* EpilogueWidgets */,
			);
			name = EpilogueWidgetsExtension;
			packageProductDependencies = (
			);
			productName = EpilogueWidgetsExtension;
			productReference = 01509B432E95910F00139963 /* EpilogueWidgetsExtension.appex */;
			productType = "com.apple.product-type.app-extension";
		};
		015D10F12E318D5D002633FE /* ReadEpilogue */ = {
			isa = PBXNativeTarget;
			buildConfigurationList = 015D11162E318D5E002633FE /* Build configuration list for PBXNativeTarget "ReadEpilogue" */;
			buildPhases = (
				015D10EE2E318D5D002633FE /* Sources */,
				015D10EF2E318D5D002633FE /* Frameworks */,
				015D13812E328E81002633FE /* Resources */,
				01509B582E95911100139963 /* Embed Foundation Extensions */,
			);
			buildRules = (
			);
			dependencies = (
				01509B562E95911100139963 /* PBXTargetDependency */,
			);
			fileSystemSynchronizedGroups = (
				015D10F42E318D5D002633FE /* Epilogue */,
			);
			name = ReadEpilogue;
			packageProductDependencies = (
				015D13AF2E3353A7002633FE /* WhisperKit */,
				015D13B12E3353A7002633FE /* whisperkit-cli */,
				015807FD2E3601C0006DC492 /* UIImageColors */,
			);
			productName = Epilogue;
			productReference = 015D10F22E318D5D002633FE /* ReadEpilogue.app */;
			productType = "com.apple.product-type.application";
		};
		015D11022E318D5E002633FE /* EpilogueTests */ = {
			isa = PBXNativeTarget;
			buildConfigurationList = 015D111B2E318D5E002633FE /* Build configuration list for PBXNativeTarget "EpilogueTests" */;
			buildPhases = (
				015D10FF2E318D5E002633FE /* Sources */,
				015D11002E318D5E002633FE /* Frameworks */,
				015D11012E318D5E002633FE /* Resources */,
			);
			buildRules = (
			);
			dependencies = (
				015D11052E318D5E002633FE /* PBXTargetDependency */,
			);
			fileSystemSynchronizedGroups = (
				015D11062E318D5E002633FE /* EpilogueTests */,
			);
			name = EpilogueTests;
			packageProductDependencies = (
			);
			productName = EpilogueTests;
			productReference = 015D11032E318D5E002633FE /* EpilogueTests.xctest */;
			productType = "com.apple.product-type.bundle.unit-test";
		};
		015D110C2E318D5E002633FE /* EpilogueUITests */ = {
			isa = PBXNativeTarget;
			buildConfigurationList = 015D111E2E318D5E002633FE /* Build configuration list for PBXNativeTarget "EpilogueUITests" */;
			buildPhases = (
				015D11092E318D5E002633FE /* Sources */,
				015D110A2E318D5E002633FE /* Frameworks */,
				015D110B2E318D5E002633FE /* Resources */,
			);
			buildRules = (
			);
			dependencies = (
				015D110F2E318D5E002633FE /* PBXTargetDependency */,
			);
			fileSystemSynchronizedGroups = (
				015D11102E318D5E002633FE /* EpilogueUITests */,
			);
			name = EpilogueUITests;
			packageProductDependencies = (
			);
			productName = EpilogueUITests;
			productReference = 015D110D2E318D5E002633FE /* EpilogueUITests.xctest */;
			productType = "com.apple.product-type.bundle.ui-testing";
		};
/* End PBXNativeTarget section */

/* Begin PBXProject section */
		015D10EA2E318D5D002633FE /* Project object */ = {
			isa = PBXProject;
			attributes = {
				BuildIndependentTargetsInParallel = 1;
				LastSwiftUpdateCheck = 2600;
				LastUpgradeCheck = 2600;
				TargetAttributes = {
					01509B422E95910F00139963 = {
						CreatedOnToolsVersion = 26.0;
					};
					015D10F12E318D5D002633FE = {
						CreatedOnToolsVersion = 26.0;
					};
					015D11022E318D5E002633FE = {
						CreatedOnToolsVersion = 26.0;
						TestTargetID = 015D10F12E318D5D002633FE;
					};
					015D110C2E318D5E002633FE = {
						CreatedOnToolsVersion = 26.0;
						TestTargetID = 015D10F12E318D5D002633FE;
					};
				};
			};
			buildConfigurationList = 015D10ED2E318D5D002633FE /* Build configuration list for PBXProject "Epilogue" */;
			developmentRegion = en;
			hasScannedForEncodings = 0;
			knownRegions = (
				en,
				Base,
				de,
				ar,
				"zh-Hans",
				ja,
				es,
				fr,
				pt,
			);
			mainGroup = 015D10E92E318D5D002633FE;
			minimizedProjectReferenceProxies = 1;
			packageReferences = (
				015D13AE2E33510A002633FE /* XCRemoteSwiftPackageReference "WhisperKit" */,
				015807FC2E3601C0006DC492 /* XCRemoteSwiftPackageReference "UIImageColors" */,
			);
			preferredProjectObjectVersion = 77;
			productRefGroup = 015D10F32E318D5D002633FE /* Products */;
			projectDirPath = "";
			projectRoot = "";
			targets = (
				015D10F12E318D5D002633FE /* ReadEpilogue */,
				015D11022E318D5E002633FE /* EpilogueTests */,
				015D110C2E318D5E002633FE /* EpilogueUITests */,
				01509B422E95910F00139963 /* EpilogueWidgetsExtension */,
			);
		};
/* End PBXProject section */

/* Begin PBXResourcesBuildPhase section */
		01509B412E95910F00139963 /* Resources */ = {
			isa = PBXResourcesBuildPhase;
			buildActionMask = 2147483647;
			files = (
			);
			runOnlyForDeploymentPostprocessing = 0;
		};
		015D11012E318D5E002633FE /* Resources */ = {
			isa = PBXResourcesBuildPhase;
			buildActionMask = 2147483647;
			files = (
			);
			runOnlyForDeploymentPostprocessing = 0;
		};
		015D110B2E318D5E002633FE /* Resources */ = {
			isa = PBXResourcesBuildPhase;
			buildActionMask = 2147483647;
			files = (
			);
			runOnlyForDeploymentPostprocessing = 0;
		};
		015D13812E328E81002633FE /* Resources */ = {
			isa = PBXResourcesBuildPhase;
			buildActionMask = 2147483647;
			files = (
				01E35EC72E998D1B002A2B65 /* Epilogue.storekit in Resources */,
				015808272E383E72006DC492 /* Config.xcconfig in Resources */,
			);
			runOnlyForDeploymentPostprocessing = 0;
		};
/* End PBXResourcesBuildPhase section */

/* Begin PBXSourcesBuildPhase section */
		01509B3F2E95910F00139963 /* Sources */ = {
			isa = PBXSourcesBuildPhase;
			buildActionMask = 2147483647;
			files = (
			);
			runOnlyForDeploymentPostprocessing = 0;
		};
		015D10EE2E318D5D002633FE /* Sources */ = {
			isa = PBXSourcesBuildPhase;
			buildActionMask = 2147483647;
			files = (
			);
			runOnlyForDeploymentPostprocessing = 0;
		};
		015D10FF2E318D5E002633FE /* Sources */ = {
			isa = PBXSourcesBuildPhase;
			buildActionMask = 2147483647;
			files = (
			);
			runOnlyForDeploymentPostprocessing = 0;
		};
		015D11092E318D5E002633FE /* Sources */ = {
			isa = PBXSourcesBuildPhase;
			buildActionMask = 2147483647;
			files = (
			);
			runOnlyForDeploymentPostprocessing = 0;
		};
/* End PBXSourcesBuildPhase section */

/* Begin PBXTargetDependency section */
		01509B562E95911100139963 /* PBXTargetDependency */ = {
			isa = PBXTargetDependency;
			target = 01509B422E95910F00139963 /* EpilogueWidgetsExtension */;
			targetProxy = 01509B552E95911100139963 /* PBXContainerItemProxy */;
		};
		015D11052E318D5E002633FE /* PBXTargetDependency */ = {
			isa = PBXTargetDependency;
			target = 015D10F12E318D5D002633FE /* ReadEpilogue */;
			targetProxy = 015D11042E318D5E002633FE /* PBXContainerItemProxy */;
		};
		015D110F2E318D5E002633FE /* PBXTargetDependency */ = {
			isa = PBXTargetDependency;
			target = 015D10F12E318D5D002633FE /* ReadEpilogue */;
			targetProxy = 015D110E2E318D5E002633FE /* PBXContainerItemProxy */;
		};
/* End PBXTargetDependency section */

/* Begin XCBuildConfiguration section */
		01509B592E95911100139963 /* Debug */ = {
			isa = XCBuildConfiguration;
			buildSettings = {
				ASSETCATALOG_COMPILER_GLOBAL_ACCENT_COLOR_NAME = AccentColor;
				ASSETCATALOG_COMPILER_WIDGET_BACKGROUND_COLOR_NAME = WidgetBackground;
				CODE_SIGN_STYLE = Automatic;
				CURRENT_PROJECT_VERSION = 2;
				DEVELOPMENT_TEAM = KWJNMWT2B9;
				GENERATE_INFOPLIST_FILE = YES;
				INFOPLIST_FILE = EpilogueWidgets/Info.plist;
				INFOPLIST_KEY_CFBundleDisplayName = EpilogueWidgets;
				INFOPLIST_KEY_NSHumanReadableCopyright = "";
				LD_RUNPATH_SEARCH_PATHS = (
					"$(inherited)",
					"@executable_path/Frameworks",
					"@executable_path/../../Frameworks",
				);
				MARKETING_VERSION = 1.0;
				PRODUCT_BUNDLE_IDENTIFIER = com.readepilogue.app.EpilogueWidgets;
				PRODUCT_NAME = "$(TARGET_NAME)";
				SKIP_INSTALL = YES;
				STRING_CATALOG_GENERATE_SYMBOLS = YES;
				SWIFT_APPROACHABLE_CONCURRENCY = YES;
				SWIFT_EMIT_LOC_STRINGS = YES;
				SWIFT_UPCOMING_FEATURE_MEMBER_IMPORT_VISIBILITY = YES;
				SWIFT_VERSION = 5.0;
				TARGETED_DEVICE_FAMILY = "1,2";
			};
			name = Debug;
		};
		01509B5A2E95911100139963 /* Release */ = {
			isa = XCBuildConfiguration;
			buildSettings = {
				ASSETCATALOG_COMPILER_GLOBAL_ACCENT_COLOR_NAME = AccentColor;
				ASSETCATALOG_COMPILER_WIDGET_BACKGROUND_COLOR_NAME = WidgetBackground;
				CODE_SIGN_STYLE = Automatic;
				CURRENT_PROJECT_VERSION = 2;
				DEVELOPMENT_TEAM = KWJNMWT2B9;
				GENERATE_INFOPLIST_FILE = YES;
				INFOPLIST_FILE = EpilogueWidgets/Info.plist;
				INFOPLIST_KEY_CFBundleDisplayName = EpilogueWidgets;
				INFOPLIST_KEY_NSHumanReadableCopyright = "";
				LD_RUNPATH_SEARCH_PATHS = (
					"$(inherited)",
					"@executable_path/Frameworks",
					"@executable_path/../../Frameworks",
				);
				MARKETING_VERSION = 1.0;
				PRODUCT_BUNDLE_IDENTIFIER = com.readepilogue.app.EpilogueWidgets;
				PRODUCT_NAME = "$(TARGET_NAME)";
				SKIP_INSTALL = YES;
				STRING_CATALOG_GENERATE_SYMBOLS = YES;
				SWIFT_APPROACHABLE_CONCURRENCY = YES;
				SWIFT_EMIT_LOC_STRINGS = YES;
				SWIFT_UPCOMING_FEATURE_MEMBER_IMPORT_VISIBILITY = YES;
				SWIFT_VERSION = 5.0;
				TARGETED_DEVICE_FAMILY = "1,2";
			};
			name = Release;
		};
		015D11172E318D5E002633FE /* Debug */ = {
			isa = XCBuildConfiguration;
			buildSettings = {
				ASSETCATALOG_COMPILER_APPICON_NAME = AppIcon;
				ASSETCATALOG_COMPILER_GLOBAL_ACCENT_COLOR_NAME = AccentColor;
				ASSETCATALOG_COMPILER_INCLUDE_ALL_APPICON_ASSETS = YES;
				CODE_SIGN_ENTITLEMENTS = Epilogue/Epilogue.entitlements;
				CODE_SIGN_STYLE = Automatic;
				CURRENT_PROJECT_VERSION = 1;
				DEVELOPMENT_TEAM = KWJNMWT2B9;
				ENABLE_PREVIEWS = YES;
				GENERATE_INFOPLIST_FILE = YES;
				INFOPLIST_FILE = Epilogue/Info.plist;
				INFOPLIST_KEY_CFBundleDisplayName = Epilogue;
				INFOPLIST_KEY_ITSAppUsesNonExemptEncryption = NO;
				INFOPLIST_KEY_LSApplicationCategoryType = "public.app-category.books";
				INFOPLIST_KEY_NSCameraUsageDescription = "Epilogue uses the camera to scan book covers and ISBNs for quick library additions";
				INFOPLIST_KEY_NSMicrophoneUsageDescription = "Epilogue uses the microphone to record voice notes about your reading";
				INFOPLIST_KEY_NSMotionUsageDescription = "Epilogue uses device motion to create subtle parallax effects on book covers.";
				INFOPLIST_KEY_NSPhotoLibraryAddUsageDescription = "Epilogue saves diagnostic images to help debug color extraction issues.";
				INFOPLIST_KEY_NSPhotoLibraryUsageDescription = "Epilogue needs access to save diagnostic images for debugging color extraction.";
				INFOPLIST_KEY_NSSpeechRecognitionUsageDescription = "Epilogue uses speech recognition to transcribe your voice notes and thoughts about books";
				INFOPLIST_KEY_UIApplicationSceneManifest_Generation = YES;
				INFOPLIST_KEY_UIApplicationSupportsIndirectInputEvents = YES;
				INFOPLIST_KEY_UILaunchScreen_Generation = YES;
				INFOPLIST_KEY_UILaunchStoryboardName = LaunchScreen;
				INFOPLIST_KEY_UIRequiresFullScreen = NO;
				INFOPLIST_KEY_UISupportedInterfaceOrientations = "UIInterfaceOrientationLandscapeLeft UIInterfaceOrientationLandscapeRight UIInterfaceOrientationPortrait";
				INFOPLIST_KEY_UISupportedInterfaceOrientations_iPad = "UIInterfaceOrientationLandscapeLeft UIInterfaceOrientationLandscapeRight UIInterfaceOrientationPortrait UIInterfaceOrientationPortraitUpsideDown";
				IPHONEOS_DEPLOYMENT_TARGET = 26.0;
				"IPHONEOS_DEPLOYMENT_TARGET[sdk=iphoneos*]" = 26.0;
				LD_RUNPATH_SEARCH_PATHS = (
					"$(inherited)",
					"@executable_path/Frameworks",
				);
				MARKETING_VERSION = 1.3;
				PRODUCT_BUNDLE_IDENTIFIER = com.readepilogue.app;
				PRODUCT_NAME = "$(TARGET_NAME)";
				STRING_CATALOG_GENERATE_SYMBOLS = YES;
				SWIFT_APPROACHABLE_CONCURRENCY = YES;
				SWIFT_DEFAULT_ACTOR_ISOLATION = MainActor;
				SWIFT_EMIT_LOC_STRINGS = YES;
				SWIFT_UPCOMING_FEATURE_MEMBER_IMPORT_VISIBILITY = YES;
				SWIFT_VERSION = 5.0;
				TARGETED_DEVICE_FAMILY = "1,2";
			};
			name = Debug;
		};
		015D11182E318D5E002633FE /* Release */ = {
			isa = XCBuildConfiguration;
			buildSettings = {
				ASSETCATALOG_COMPILER_APPICON_NAME = AppIcon;
				ASSETCATALOG_COMPILER_GLOBAL_ACCENT_COLOR_NAME = AccentColor;
				ASSETCATALOG_COMPILER_INCLUDE_ALL_APPICON_ASSETS = YES;
				CODE_SIGN_ENTITLEMENTS = Epilogue/Epilogue.entitlements;
				CODE_SIGN_STYLE = Automatic;
				CURRENT_PROJECT_VERSION = 1;
				DEVELOPMENT_TEAM = KWJNMWT2B9;
				ENABLE_PREVIEWS = YES;
				GENERATE_INFOPLIST_FILE = YES;
				INFOPLIST_FILE = Epilogue/Info.plist;
				INFOPLIST_KEY_CFBundleDisplayName = Epilogue;
				INFOPLIST_KEY_ITSAppUsesNonExemptEncryption = NO;
				INFOPLIST_KEY_LSApplicationCategoryType = "public.app-category.books";
				INFOPLIST_KEY_NSCameraUsageDescription = "Epilogue uses the camera to scan book covers and ISBNs for quick library additions";
				INFOPLIST_KEY_NSMicrophoneUsageDescription = "Epilogue uses the microphone to record voice notes about your reading";
				INFOPLIST_KEY_NSMotionUsageDescription = "Epilogue uses device motion to create subtle parallax effects on book covers.";
				INFOPLIST_KEY_NSPhotoLibraryAddUsageDescription = "Epilogue saves diagnostic images to help debug color extraction issues.";
				INFOPLIST_KEY_NSPhotoLibraryUsageDescription = "Epilogue needs access to save diagnostic images for debugging color extraction.";
				INFOPLIST_KEY_NSSpeechRecognitionUsageDescription = "Epilogue uses speech recognition to transcribe your voice notes and thoughts about books";
				INFOPLIST_KEY_UIApplicationSceneManifest_Generation = YES;
				INFOPLIST_KEY_UIApplicationSupportsIndirectInputEvents = YES;
				INFOPLIST_KEY_UILaunchScreen_Generation = YES;
				INFOPLIST_KEY_UILaunchStoryboardName = LaunchScreen;
				INFOPLIST_KEY_UIRequiresFullScreen = NO;
				INFOPLIST_KEY_UISupportedInterfaceOrientations = "UIInterfaceOrientationLandscapeLeft UIInterfaceOrientationLandscapeRight UIInterfaceOrientationPortrait";
				INFOPLIST_KEY_UISupportedInterfaceOrientations_iPad = "UIInterfaceOrientationLandscapeLeft UIInterfaceOrientationLandscapeRight UIInterfaceOrientationPortrait UIInterfaceOrientationPortraitUpsideDown";
				IPHONEOS_DEPLOYMENT_TARGET = 26.0;
				LD_RUNPATH_SEARCH_PATHS = (
					"$(inherited)",
					"@executable_path/Frameworks",
				);
				MARKETING_VERSION = 1.3;
				PRODUCT_BUNDLE_IDENTIFIER = com.readepilogue.app;
				PRODUCT_NAME = "$(TARGET_NAME)";
				STRING_CATALOG_GENERATE_SYMBOLS = YES;
				SWIFT_APPROACHABLE_CONCURRENCY = YES;
				SWIFT_DEFAULT_ACTOR_ISOLATION = MainActor;
				SWIFT_EMIT_LOC_STRINGS = YES;
				SWIFT_UPCOMING_FEATURE_MEMBER_IMPORT_VISIBILITY = YES;
				SWIFT_VERSION = 5.0;
				TARGETED_DEVICE_FAMILY = "1,2";
			};
			name = Release;
		};
		015D11192E318D5E002633FE /* Debug */ = {
			isa = XCBuildConfiguration;
			baseConfigurationReference = 015808262E383E72006DC492 /* Config.xcconfig */;
			buildSettings = {
				ALWAYS_SEARCH_USER_PATHS = NO;
				ASSETCATALOG_COMPILER_GENERATE_SWIFT_ASSET_SYMBOL_EXTENSIONS = YES;
				CLANG_ANALYZER_NONNULL = YES;
				CLANG_ANALYZER_NUMBER_OBJECT_CONVERSION = YES_AGGRESSIVE;
				CLANG_CXX_LANGUAGE_STANDARD = "gnu++20";
				CLANG_ENABLE_MODULES = YES;
				CLANG_ENABLE_OBJC_ARC = YES;
				CLANG_ENABLE_OBJC_WEAK = YES;
				CLANG_WARN_BLOCK_CAPTURE_AUTORELEASING = YES;
				CLANG_WARN_BOOL_CONVERSION = YES;
				CLANG_WARN_COMMA = YES;
				CLANG_WARN_CONSTANT_CONVERSION = YES;
				CLANG_WARN_DEPRECATED_OBJC_IMPLEMENTATIONS = YES;
				CLANG_WARN_DIRECT_OBJC_ISA_USAGE = YES_ERROR;
				CLANG_WARN_DOCUMENTATION_COMMENTS = YES;
				CLANG_WARN_EMPTY_BODY = YES;
				CLANG_WARN_ENUM_CONVERSION = YES;
				CLANG_WARN_INFINITE_RECURSION = YES;
				CLANG_WARN_INT_CONVERSION = YES;
				CLANG_WARN_NON_LITERAL_NULL_CONVERSION = YES;
				CLANG_WARN_OBJC_IMPLICIT_RETAIN_SELF = YES;
				CLANG_WARN_OBJC_LITERAL_CONVERSION = YES;
				CLANG_WARN_OBJC_ROOT_CLASS = YES_ERROR;
				CLANG_WARN_QUOTED_INCLUDE_IN_FRAMEWORK_HEADER = YES;
				CLANG_WARN_RANGE_LOOP_ANALYSIS = YES;
				CLANG_WARN_STRICT_PROTOTYPES = YES;
				CLANG_WARN_SUSPICIOUS_MOVE = YES;
				CLANG_WARN_UNGUARDED_AVAILABILITY = YES_AGGRESSIVE;
				CLANG_WARN_UNREACHABLE_CODE = YES;
				CLANG_WARN__DUPLICATE_METHOD_MATCH = YES;
				CODE_SIGN_ENTITLEMENTS = EpilogueWidgets/EpilogueWidgetsExtension.entitlements;
				COPY_PHASE_STRIP = NO;
				DEBUG_INFORMATION_FORMAT = dwarf;
				DEVELOPMENT_TEAM = KWJNMWT2B9;
				ENABLE_STRICT_OBJC_MSGSEND = YES;
				ENABLE_TESTABILITY = YES;
				ENABLE_USER_SCRIPT_SANDBOXING = YES;
				GCC_C_LANGUAGE_STANDARD = gnu17;
				GCC_DYNAMIC_NO_PIC = NO;
				GCC_NO_COMMON_BLOCKS = YES;
				GCC_OPTIMIZATION_LEVEL = 0;
				GCC_PREPROCESSOR_DEFINITIONS = (
					"DEBUG=1",
					"$(inherited)",
				);
				GCC_WARN_64_TO_32_BIT_CONVERSION = YES;
				GCC_WARN_ABOUT_RETURN_TYPE = YES_ERROR;
				GCC_WARN_UNDECLARED_SELECTOR = YES;
				GCC_WARN_UNINITIALIZED_AUTOS = YES_AGGRESSIVE;
				GCC_WARN_UNUSED_FUNCTION = YES;
				GCC_WARN_UNUSED_VARIABLE = YES;
				"INFOPLIST_FILE[sdk=*]" = "";
				IPHONEOS_DEPLOYMENT_TARGET = 26.0;
				LOCALIZATION_PREFERS_STRING_CATALOGS = YES;
				MTL_ENABLE_DEBUG_INFO = INCLUDE_SOURCE;
				MTL_FAST_MATH = YES;
				ONLY_ACTIVE_ARCH = YES;
				SDKROOT = iphoneos;
				SWIFT_ACTIVE_COMPILATION_CONDITIONS = "DEBUG $(inherited)";
				SWIFT_OPTIMIZATION_LEVEL = "-Onone";
			};
			name = Debug;
		};
		015D111A2E318D5E002633FE /* Release */ = {
			isa = XCBuildConfiguration;
			baseConfigurationReference = 015808262E383E72006DC492 /* Config.xcconfig */;
			buildSettings = {
				ALWAYS_SEARCH_USER_PATHS = NO;
				ASSETCATALOG_COMPILER_GENERATE_SWIFT_ASSET_SYMBOL_EXTENSIONS = YES;
				CLANG_ANALYZER_NONNULL = YES;
				CLANG_ANALYZER_NUMBER_OBJECT_CONVERSION = YES_AGGRESSIVE;
				CLANG_CXX_LANGUAGE_STANDARD = "gnu++20";
				CLANG_ENABLE_MODULES = YES;
				CLANG_ENABLE_OBJC_ARC = YES;
				CLANG_ENABLE_OBJC_WEAK = YES;
				CLANG_WARN_BLOCK_CAPTURE_AUTORELEASING = YES;
				CLANG_WARN_BOOL_CONVERSION = YES;
				CLANG_WARN_COMMA = YES;
				CLANG_WARN_CONSTANT_CONVERSION = YES;
				CLANG_WARN_DEPRECATED_OBJC_IMPLEMENTATIONS = YES;
				CLANG_WARN_DIRECT_OBJC_ISA_USAGE = YES_ERROR;
				CLANG_WARN_DOCUMENTATION_COMMENTS = YES;
				CLANG_WARN_EMPTY_BODY = YES;
				CLANG_WARN_ENUM_CONVERSION = YES;
				CLANG_WARN_INFINITE_RECURSION = YES;
				CLANG_WARN_INT_CONVERSION = YES;
				CLANG_WARN_NON_LITERAL_NULL_CONVERSION = YES;
				CLANG_WARN_OBJC_IMPLICIT_RETAIN_SELF = YES;
				CLANG_WARN_OBJC_LITERAL_CONVERSION = YES;
				CLANG_WARN_OBJC_ROOT_CLASS = YES_ERROR;
				CLANG_WARN_QUOTED_INCLUDE_IN_FRAMEWORK_HEADER = YES;
				CLANG_WARN_RANGE_LOOP_ANALYSIS = YES;
				CLANG_WARN_STRICT_PROTOTYPES = YES;
				CLANG_WARN_SUSPICIOUS_MOVE = YES;
				CLANG_WARN_UNGUARDED_AVAILABILITY = YES_AGGRESSIVE;
				CLANG_WARN_UNREACHABLE_CODE = YES;
				CLANG_WARN__DUPLICATE_METHOD_MATCH = YES;
				CODE_SIGN_ENTITLEMENTS = EpilogueWidgets/EpilogueWidgetsExtension.entitlements;
				COPY_PHASE_STRIP = NO;
				DEBUG_INFORMATION_FORMAT = "dwarf-with-dsym";
				DEVELOPMENT_TEAM = KWJNMWT2B9;
				ENABLE_NS_ASSERTIONS = NO;
				ENABLE_STRICT_OBJC_MSGSEND = YES;
				ENABLE_USER_SCRIPT_SANDBOXING = YES;
				GCC_C_LANGUAGE_STANDARD = gnu17;
				GCC_NO_COMMON_BLOCKS = YES;
				GCC_WARN_64_TO_32_BIT_CONVERSION = YES;
				GCC_WARN_ABOUT_RETURN_TYPE = YES_ERROR;
				GCC_WARN_UNDECLARED_SELECTOR = YES;
				GCC_WARN_UNINITIALIZED_AUTOS = YES_AGGRESSIVE;
				GCC_WARN_UNUSED_FUNCTION = YES;
				GCC_WARN_UNUSED_VARIABLE = YES;
				IPHONEOS_DEPLOYMENT_TARGET = 26.0;
				LOCALIZATION_PREFERS_STRING_CATALOGS = YES;
				MTL_ENABLE_DEBUG_INFO = NO;
				MTL_FAST_MATH = YES;
				SDKROOT = iphoneos;
				SWIFT_COMPILATION_MODE = wholemodule;
				VALIDATE_PRODUCT = YES;
			};
			name = Release;
		};
		015D111C2E318D5E002633FE /* Debug */ = {
			isa = XCBuildConfiguration;
			buildSettings = {
				BUNDLE_LOADER = "$(TEST_HOST)";
				CODE_SIGN_STYLE = Automatic;
				CURRENT_PROJECT_VERSION = 2;
				DEVELOPMENT_TEAM = KWJNMWT2B9;
				GENERATE_INFOPLIST_FILE = YES;
				IPHONEOS_DEPLOYMENT_TARGET = 26.0;
				MARKETING_VERSION = 1.0;
				PRODUCT_BUNDLE_IDENTIFIER = "Kris-Puckett.EpilogueTests";
				PRODUCT_NAME = "$(TARGET_NAME)";
				STRING_CATALOG_GENERATE_SYMBOLS = NO;
				SWIFT_APPROACHABLE_CONCURRENCY = YES;
				SWIFT_EMIT_LOC_STRINGS = NO;
				SWIFT_UPCOMING_FEATURE_MEMBER_IMPORT_VISIBILITY = YES;
				SWIFT_VERSION = 5.0;
				TARGETED_DEVICE_FAMILY = "1,2";
				TEST_HOST = "$(BUILT_PRODUCTS_DIR)/Epilogue.app/$(BUNDLE_EXECUTABLE_FOLDER_PATH)/Epilogue";
			};
			name = Debug;
		};
		015D111D2E318D5E002633FE /* Release */ = {
			isa = XCBuildConfiguration;
			buildSettings = {
				BUNDLE_LOADER = "$(TEST_HOST)";
				CODE_SIGN_STYLE = Automatic;
				CURRENT_PROJECT_VERSION = 2;
				DEVELOPMENT_TEAM = KWJNMWT2B9;
				GENERATE_INFOPLIST_FILE = YES;
				IPHONEOS_DEPLOYMENT_TARGET = 26.0;
				MARKETING_VERSION = 1.0;
				PRODUCT_BUNDLE_IDENTIFIER = "Kris-Puckett.EpilogueTests";
				PRODUCT_NAME = "$(TARGET_NAME)";
				STRING_CATALOG_GENERATE_SYMBOLS = NO;
				SWIFT_APPROACHABLE_CONCURRENCY = YES;
				SWIFT_EMIT_LOC_STRINGS = NO;
				SWIFT_UPCOMING_FEATURE_MEMBER_IMPORT_VISIBILITY = YES;
				SWIFT_VERSION = 5.0;
				TARGETED_DEVICE_FAMILY = "1,2";
				TEST_HOST = "$(BUILT_PRODUCTS_DIR)/Epilogue.app/$(BUNDLE_EXECUTABLE_FOLDER_PATH)/Epilogue";
			};
			name = Release;
		};
		015D111F2E318D5E002633FE /* Debug */ = {
			isa = XCBuildConfiguration;
			buildSettings = {
				CODE_SIGN_STYLE = Automatic;
				CURRENT_PROJECT_VERSION = 2;
				DEVELOPMENT_TEAM = KWJNMWT2B9;
				GENERATE_INFOPLIST_FILE = YES;
				MARKETING_VERSION = 1.0;
				PRODUCT_BUNDLE_IDENTIFIER = "Kris-Puckett.EpilogueUITests";
				PRODUCT_NAME = "$(TARGET_NAME)";
				STRING_CATALOG_GENERATE_SYMBOLS = NO;
				SWIFT_APPROACHABLE_CONCURRENCY = YES;
				SWIFT_EMIT_LOC_STRINGS = NO;
				SWIFT_UPCOMING_FEATURE_MEMBER_IMPORT_VISIBILITY = YES;
				SWIFT_VERSION = 5.0;
				TARGETED_DEVICE_FAMILY = "1,2";
				TEST_TARGET_NAME = Epilogue;
			};
			name = Debug;
		};
		015D11202E318D5E002633FE /* Release */ = {
			isa = XCBuildConfiguration;
			buildSettings = {
				CODE_SIGN_STYLE = Automatic;
				CURRENT_PROJECT_VERSION = 2;
				DEVELOPMENT_TEAM = KWJNMWT2B9;
				GENERATE_INFOPLIST_FILE = YES;
				MARKETING_VERSION = 1.0;
				PRODUCT_BUNDLE_IDENTIFIER = "Kris-Puckett.EpilogueUITests";
				PRODUCT_NAME = "$(TARGET_NAME)";
				STRING_CATALOG_GENERATE_SYMBOLS = NO;
				SWIFT_APPROACHABLE_CONCURRENCY = YES;
				SWIFT_EMIT_LOC_STRINGS = NO;
				SWIFT_UPCOMING_FEATURE_MEMBER_IMPORT_VISIBILITY = YES;
				SWIFT_VERSION = 5.0;
				TARGETED_DEVICE_FAMILY = "1,2";
				TEST_TARGET_NAME = Epilogue;
			};
			name = Release;
		};
/* End XCBuildConfiguration section */

/* Begin XCConfigurationList section */
		01509B5B2E95911100139963 /* Build configuration list for PBXNativeTarget "EpilogueWidgetsExtension" */ = {
			isa = XCConfigurationList;
			buildConfigurations = (
				01509B592E95911100139963 /* Debug */,
				01509B5A2E95911100139963 /* Release */,
			);
			defaultConfigurationIsVisible = 0;
			defaultConfigurationName = Release;
		};
		015D10ED2E318D5D002633FE /* Build configuration list for PBXProject "Epilogue" */ = {
			isa = XCConfigurationList;
			buildConfigurations = (
				015D11192E318D5E002633FE /* Debug */,
				015D111A2E318D5E002633FE /* Release */,
			);
			defaultConfigurationIsVisible = 0;
			defaultConfigurationName = Release;
		};
		015D11162E318D5E002633FE /* Build configuration list for PBXNativeTarget "ReadEpilogue" */ = {
			isa = XCConfigurationList;
			buildConfigurations = (
				015D11172E318D5E002633FE /* Debug */,
				015D11182E318D5E002633FE /* Release */,
			);
			defaultConfigurationIsVisible = 0;
			defaultConfigurationName = Release;
		};
		015D111B2E318D5E002633FE /* Build configuration list for PBXNativeTarget "EpilogueTests" */ = {
			isa = XCConfigurationList;
			buildConfigurations = (
				015D111C2E318D5E002633FE /* Debug */,
				015D111D2E318D5E002633FE /* Release */,
			);
			defaultConfigurationIsVisible = 0;
			defaultConfigurationName = Release;
		};
		015D111E2E318D5E002633FE /* Build configuration list for PBXNativeTarget "EpilogueUITests" */ = {
			isa = XCConfigurationList;
			buildConfigurations = (
				015D111F2E318D5E002633FE /* Debug */,
				015D11202E318D5E002633FE /* Release */,
			);
			defaultConfigurationIsVisible = 0;
			defaultConfigurationName = Release;
		};
/* End XCConfigurationList section */

/* Begin XCRemoteSwiftPackageReference section */
		015807FC2E3601C0006DC492 /* XCRemoteSwiftPackageReference "UIImageColors" */ = {
			isa = XCRemoteSwiftPackageReference;
			repositoryURL = "https://github.com/jathu/UIImageColors";
			requirement = {
				kind = upToNextMajorVersion;
				minimumVersion = 2.2.0;
			};
		};
		015D13AE2E33510A002633FE /* XCRemoteSwiftPackageReference "WhisperKit" */ = {
			isa = XCRemoteSwiftPackageReference;
			repositoryURL = "https://github.com/argmaxinc/WhisperKit";
			requirement = {
				branch = main;
				kind = branch;
			};
		};
/* End XCRemoteSwiftPackageReference section */

/* Begin XCSwiftPackageProductDependency section */
		015807FD2E3601C0006DC492 /* UIImageColors */ = {
			isa = XCSwiftPackageProductDependency;
			package = 015807FC2E3601C0006DC492 /* XCRemoteSwiftPackageReference "UIImageColors" */;
			productName = UIImageColors;
		};
		015D13AF2E3353A7002633FE /* WhisperKit */ = {
			isa = XCSwiftPackageProductDependency;
			package = 015D13AE2E33510A002633FE /* XCRemoteSwiftPackageReference "WhisperKit" */;
			productName = WhisperKit;
		};
		015D13B12E3353A7002633FE /* whisperkit-cli */ = {
			isa = XCSwiftPackageProductDependency;
			package = 015D13AE2E33510A002633FE /* XCRemoteSwiftPackageReference "WhisperKit" */;
			productName = "whisperkit-cli";
		};
/* End XCSwiftPackageProductDependency section */
	};
	rootObject = 015D10EA2E318D5D002633FE /* Project object */;
}
