// !$*UTF8*$!
{
	archiveVersion = 1;
	classes = {
	};
	objectVersion = 56;
	objects = {

/* Begin PBXBuildFile section */
		01BC21C42E2491BD00E04A55 /* NotesView.swift in Sources */ = {isa = PBXBuildFile; fileRef = 01BC21C32E2491BD00E04A55 /* NotesView.swift */; };
		01BC21C62E25806C00E04A55 /* BookDetailView.swift in Sources */ = {isa = PBXBuildFile; fileRef = 01BC21C52E25806C00E04A55 /* BookDetailView.swift */; };
		01BC21C82E260B8A00E04A55 /* EditBookSheet.swift in Sources */ = {isa = PBXBuildFile; fileRef = 01BC21C72E260B8A00E04A55 /* EditBookSheet.swift */; };
		01BC21CF2E26AB3E00E04A55 /* GlassMaterialization.swift in Sources */ = {isa = PBXBuildFile; fileRef = 01BC21CB2E26AB3E00E04A55 /* GlassMaterialization.swift */; };
		01BC21D02E26AB3E00E04A55 /* LiquidCommandPalette.swift in Sources */ = {isa = PBXBuildFile; fileRef = 01BC21CC2E26AB3E00E04A55 /* LiquidCommandPalette.swift */; };
		01BC21D42E27566800E04A55 /* ChatView.swift in Sources */ = {isa = PBXBuildFile; fileRef = 01BC21D32E27566800E04A55 /* ChatView.swift */; };
		01BC21D72E275A6800E04A55 /* PerplexityService.swift in Sources */ = {isa = PBXBuildFile; fileRef = 01BC21D62E275A6800E04A55 /* PerplexityService.swift */; };
		2B1234561234567890123456 /* EpilogueApp.swift in Sources */ = {isa = PBXBuildFile; fileRef = 2B1234551234567890123456 /* EpilogueApp.swift */; };
		2B1234581234567890123456 /* ContentView.swift in Sources */ = {isa = PBXBuildFile; fileRef = 2B1234571234567890123456 /* ContentView.swift */; };
		2B12345A1234567890123456 /* Assets.xcassets in Resources */ = {isa = PBXBuildFile; fileRef = 2B1234591234567890123456 /* Assets.xcassets */; };
		2B12345D1234567890123456 /* Preview Assets.xcassets in Resources */ = {isa = PBXBuildFile; fileRef = 2B12345C1234567890123456 /* Preview Assets.xcassets */; };
		2B1234671234567890123456 /* EpilogueTests.swift in Sources */ = {isa = PBXBuildFile; fileRef = 2B1234661234567890123456 /* EpilogueTests.swift */; };
		2B1234711234567890123456 /* EpilogueUITests.swift in Sources */ = {isa = PBXBuildFile; fileRef = 2B1234701234567890123456 /* EpilogueUITests.swift */; };
		2B1234731234567890123456 /* EpilogueUITestsLaunchTests.swift in Sources */ = {isa = PBXBuildFile; fileRef = 2B1234721234567890123456 /* EpilogueUITestsLaunchTests.swift */; };
		2B12348A1234567890123456 /* GlassBlurTest.swift in Sources */ = {isa = PBXBuildFile; fileRef = 2B12348B1234567890123456 /* GlassBlurTest.swift */; };
		2B12348C1234567890123456 /* Typography.swift in Sources */ = {isa = PBXBuildFile; fileRef = 2B12348D1234567890123456 /* Typography.swift */; };
		2B12348E1234567890123456 /* MainNavigationView.swift in Sources */ = {isa = PBXBuildFile; fileRef = 2B12348F1234567890123456 /* MainNavigationView.swift */; };
		2B1234901234567890123456 /* LibraryView.swift in Sources */ = {isa = PBXBuildFile; fileRef = 2B1234911234567890123456 /* LibraryView.swift */; };
		2B1234921234567890123456 /* QuickCaptureSheet.swift in Sources */ = {isa = PBXBuildFile; fileRef = 2B1234931234567890123456 /* QuickCaptureSheet.swift */; };
		2B1234941234567890123456 /* BookSearchSheet.swift in Sources */ = {isa = PBXBuildFile; fileRef = 2B1234951234567890123456 /* BookSearchSheet.swift */; };
		2B1234961234567890123456 /* CommandIntent.swift in Sources */ = {isa = PBXBuildFile; fileRef = 2B1234971234567890123456 /* CommandIntent.swift */; };
		2B1234981234567890123456 /* UniversalCommandBar.swift in Sources */ = {isa = PBXBuildFile; fileRef = 2B1234991234567890123456 /* UniversalCommandBar.swift */; };
		2B12349B1234567890123456 /* CommandSuggestionsView.swift in Sources */ = {isa = PBXBuildFile; fileRef = 2B12349C1234567890123456 /* CommandSuggestionsView.swift */; };
		2B12349D1234567890123456 /* GoogleBooksAPI.swift in Sources */ = {isa = PBXBuildFile; fileRef = 2B12349E1234567890123456 /* GoogleBooksAPI.swift */; };
		39CF5568A7D14D8682126B61 /* GlassEditNoteSheet.swift in Sources */ = {isa = PBXBuildFile; fileRef = AC479BA9510B431F97969E53 /* GlassEditNoteSheet.swift */; };
		8343304CC97A4B7B82B14E17 /* NotesSearchPalette.swift in Sources */ = {isa = PBXBuildFile; fileRef = C9A6069AA8F84A2D8E73EDEE /* NotesSearchPalette.swift */; };
		87654321FEDCBA9876543210 /* LiquidEditSheet.swift in Sources */ = {isa = PBXBuildFile; fileRef = A1B2C3D4E5F6789012345678 /* LiquidEditSheet.swift */; };
		A1B2C3D4E5F6A7B8C9D0E1F2 /* GlassOptionsMenu.swift in Sources */ = {isa = PBXBuildFile; fileRef = F2E1D0C9B8A7F6E5D4C3B2A1 /* GlassOptionsMenu.swift */; };
/* End PBXBuildFile section */

/* Begin PBXContainerItemProxy section */
		2B1234631234567890123456 /* PBXContainerItemProxy */ = {
			isa = PBXContainerItemProxy;
			containerPortal = 2B12344A1234567890123456 /* Project object */;
			proxyType = 1;
			remoteGlobalIDString = 2B1234511234567890123456;
			remoteInfo = Epilogue;
		};
		2B12346D1234567890123456 /* PBXContainerItemProxy */ = {
			isa = PBXContainerItemProxy;
			containerPortal = 2B12344A1234567890123456 /* Project object */;
			proxyType = 1;
			remoteGlobalIDString = 2B1234511234567890123456;
			remoteInfo = Epilogue;
		};
/* End PBXContainerItemProxy section */

/* Begin PBXFileReference section */
		01BC21C32E2491BD00E04A55 /* NotesView.swift */ = {isa = PBXFileReference; lastKnownFileType = sourcecode.swift; path = NotesView.swift; sourceTree = "<group>"; };
		01BC21C52E25806C00E04A55 /* BookDetailView.swift */ = {isa = PBXFileReference; lastKnownFileType = sourcecode.swift; path = BookDetailView.swift; sourceTree = "<group>"; };
		01BC21C72E260B8A00E04A55 /* EditBookSheet.swift */ = {isa = PBXFileReference; lastKnownFileType = sourcecode.swift; path = EditBookSheet.swift; sourceTree = "<group>"; };
		01BC21CB2E26AB3E00E04A55 /* GlassMaterialization.swift */ = {isa = PBXFileReference; lastKnownFileType = sourcecode.swift; path = GlassMaterialization.swift; sourceTree = "<group>"; };
		01BC21CC2E26AB3E00E04A55 /* LiquidCommandPalette.swift */ = {isa = PBXFileReference; lastKnownFileType = sourcecode.swift; path = LiquidCommandPalette.swift; sourceTree = "<group>"; };
		01BC21D32E27566800E04A55 /* ChatView.swift */ = {isa = PBXFileReference; lastKnownFileType = sourcecode.swift; path = ChatView.swift; sourceTree = "<group>"; };
		01BC21D52E2759D200E04A55 /* Config.xcconfig */ = {isa = PBXFileReference; lastKnownFileType = text.xcconfig; path = Config.xcconfig; sourceTree = "<group>"; };
		01BC21D62E275A6800E04A55 /* PerplexityService.swift */ = {isa = PBXFileReference; lastKnownFileType = sourcecode.swift; path = PerplexityService.swift; sourceTree = "<group>"; };
		2B1234521234567890123456 /* Epilogue.app */ = {isa = PBXFileReference; explicitFileType = wrapper.application; includeInIndex = 0; path = Epilogue.app; sourceTree = BUILT_PRODUCTS_DIR; };
		2B1234551234567890123456 /* EpilogueApp.swift */ = {isa = PBXFileReference; lastKnownFileType = sourcecode.swift; path = EpilogueApp.swift; sourceTree = "<group>"; };
		2B1234571234567890123456 /* ContentView.swift */ = {isa = PBXFileReference; lastKnownFileType = sourcecode.swift; path = ContentView.swift; sourceTree = "<group>"; };
		2B1234591234567890123456 /* Assets.xcassets */ = {isa = PBXFileReference; lastKnownFileType = folder.assetcatalog; path = Assets.xcassets; sourceTree = "<group>"; };
		2B12345C1234567890123456 /* Preview Assets.xcassets */ = {isa = PBXFileReference; lastKnownFileType = folder.assetcatalog; path = "Preview Assets.xcassets"; sourceTree = "<group>"; };
		2B1234621234567890123456 /* EpilogueTests.xctest */ = {isa = PBXFileReference; explicitFileType = wrapper.cfbundle; includeInIndex = 0; path = EpilogueTests.xctest; sourceTree = BUILT_PRODUCTS_DIR; };
		2B1234661234567890123456 /* EpilogueTests.swift */ = {isa = PBXFileReference; lastKnownFileType = sourcecode.swift; path = EpilogueTests.swift; sourceTree = "<group>"; };
		2B12346C1234567890123456 /* EpilogueUITests.xctest */ = {isa = PBXFileReference; explicitFileType = wrapper.cfbundle; includeInIndex = 0; path = EpilogueUITests.xctest; sourceTree = BUILT_PRODUCTS_DIR; };
		2B1234701234567890123456 /* EpilogueUITests.swift */ = {isa = PBXFileReference; lastKnownFileType = sourcecode.swift; path = EpilogueUITests.swift; sourceTree = "<group>"; };
		2B1234721234567890123456 /* EpilogueUITestsLaunchTests.swift */ = {isa = PBXFileReference; lastKnownFileType = sourcecode.swift; path = EpilogueUITestsLaunchTests.swift; sourceTree = "<group>"; };
		2B1234801234567890123456 /* Info.plist */ = {isa = PBXFileReference; lastKnownFileType = text.plist.xml; path = Info.plist; sourceTree = "<group>"; };
		2B12348B1234567890123456 /* GlassBlurTest.swift */ = {isa = PBXFileReference; lastKnownFileType = sourcecode.swift; path = GlassBlurTest.swift; sourceTree = "<group>"; };
		2B12348D1234567890123456 /* Typography.swift */ = {isa = PBXFileReference; lastKnownFileType = sourcecode.swift; path = Typography.swift; sourceTree = "<group>"; };
		2B12348F1234567890123456 /* MainNavigationView.swift */ = {isa = PBXFileReference; lastKnownFileType = sourcecode.swift; path = MainNavigationView.swift; sourceTree = "<group>"; };
		2B1234911234567890123456 /* LibraryView.swift */ = {isa = PBXFileReference; lastKnownFileType = sourcecode.swift; path = LibraryView.swift; sourceTree = "<group>"; };
		2B1234931234567890123456 /* QuickCaptureSheet.swift */ = {isa = PBXFileReference; lastKnownFileType = sourcecode.swift; path = QuickCaptureSheet.swift; sourceTree = "<group>"; };
		2B1234951234567890123456 /* BookSearchSheet.swift */ = {isa = PBXFileReference; lastKnownFileType = sourcecode.swift; path = BookSearchSheet.swift; sourceTree = "<group>"; };
		2B1234971234567890123456 /* CommandIntent.swift */ = {isa = PBXFileReference; lastKnownFileType = sourcecode.swift; path = CommandIntent.swift; sourceTree = "<group>"; };
		2B1234991234567890123456 /* UniversalCommandBar.swift */ = {isa = PBXFileReference; lastKnownFileType = sourcecode.swift; path = UniversalCommandBar.swift; sourceTree = "<group>"; };
		2B12349C1234567890123456 /* CommandSuggestionsView.swift */ = {isa = PBXFileReference; lastKnownFileType = sourcecode.swift; path = CommandSuggestionsView.swift; sourceTree = "<group>"; };
		2B12349E1234567890123456 /* GoogleBooksAPI.swift */ = {isa = PBXFileReference; lastKnownFileType = sourcecode.swift; path = GoogleBooksAPI.swift; sourceTree = "<group>"; };
		A1B2C3D4E5F6789012345678 /* LiquidEditSheet.swift */ = {isa = PBXFileReference; lastKnownFileType = sourcecode.swift; path = LiquidEditSheet.swift; sourceTree = "<group>"; };
		AC479BA9510B431F97969E53 /* GlassEditNoteSheet.swift */ = {isa = PBXFileReference; lastKnownFileType = sourcecode.swift; path = GlassEditNoteSheet.swift; sourceTree = "<group>"; };
		C9A6069AA8F84A2D8E73EDEE /* NotesSearchPalette.swift */ = {isa = PBXFileReference; lastKnownFileType = sourcecode.swift; path = NotesSearchPalette.swift; sourceTree = "<group>"; };
		F2E1D0C9B8A7F6E5D4C3B2A1 /* GlassOptionsMenu.swift */ = {isa = PBXFileReference; lastKnownFileType = sourcecode.swift; path = GlassOptionsMenu.swift; sourceTree = "<group>"; };
/* End PBXFileReference section */

/* Begin PBXFrameworksBuildPhase section */
		2B12344F1234567890123456 /* Frameworks */ = {
			isa = PBXFrameworksBuildPhase;
			buildActionMask = 2147483647;
			files = (
			);
			runOnlyForDeploymentPostprocessing = 0;
		};
		2B12345F1234567890123456 /* Frameworks */ = {
			isa = PBXFrameworksBuildPhase;
			buildActionMask = 2147483647;
			files = (
			);
			runOnlyForDeploymentPostprocessing = 0;
		};
		2B1234691234567890123456 /* Frameworks */ = {
			isa = PBXFrameworksBuildPhase;
			buildActionMask = 2147483647;
			files = (
			);
			runOnlyForDeploymentPostprocessing = 0;
		};
/* End PBXFrameworksBuildPhase section */

/* Begin PBXGroup section */
		2B1234491234567890123456 = {
			isa = PBXGroup;
			children = (
				2B1234541234567890123456 /* Epilogue */,
				2B1234651234567890123456 /* EpilogueTests */,
				2B12346F1234567890123456 /* EpilogueUITests */,
				2B1234531234567890123456 /* Products */,
				01BC21D52E2759D200E04A55 /* Config.xcconfig */,
			);
			sourceTree = "<group>";
		};
		2B1234531234567890123456 /* Products */ = {
			isa = PBXGroup;
			children = (
				2B1234521234567890123456 /* Epilogue.app */,
				2B1234621234567890123456 /* EpilogueTests.xctest */,
				2B12346C1234567890123456 /* EpilogueUITests.xctest */,
			);
			name = Products;
			sourceTree = "<group>";
		};
		2B1234541234567890123456 /* Epilogue */ = {
			isa = PBXGroup;
			children = (
				2B1234551234567890123456 /* EpilogueApp.swift */,
				2B1234571234567890123456 /* ContentView.swift */,
				2B12348D1234567890123456 /* Typography.swift */,
				2B12349A1234567890123456 /* Models */,
				2B1234831234567890123456 /* Views */,
				2B1234591234567890123456 /* Assets.xcassets */,
				2B1234801234567890123456 /* Info.plist */,
				2B12345B1234567890123456 /* Preview Content */,
			);
			path = Epilogue;
			sourceTree = "<group>";
		};
		2B12345B1234567890123456 /* Preview Content */ = {
			isa = PBXGroup;
			children = (
				2B12345C1234567890123456 /* Preview Assets.xcassets */,
			);
			path = "Preview Content";
			sourceTree = "<group>";
		};
		2B1234651234567890123456 /* EpilogueTests */ = {
			isa = PBXGroup;
			children = (
				2B1234661234567890123456 /* EpilogueTests.swift */,
			);
			path = EpilogueTests;
			sourceTree = "<group>";
		};
		2B12346F1234567890123456 /* EpilogueUITests */ = {
			isa = PBXGroup;
			children = (
				2B1234701234567890123456 /* EpilogueUITests.swift */,
				2B1234721234567890123456 /* EpilogueUITestsLaunchTests.swift */,
			);
			path = EpilogueUITests;
			sourceTree = "<group>";
		};
		2B1234831234567890123456 /* Views */ = {
			isa = PBXGroup;
			children = (
				01BC21D62E275A6800E04A55 /* PerplexityService.swift */,
				01BC21D32E27566800E04A55 /* ChatView.swift */,
				01BC21CB2E26AB3E00E04A55 /* GlassMaterialization.swift */,
				01BC21CC2E26AB3E00E04A55 /* LiquidCommandPalette.swift */,
				AC479BA9510B431F97969E53 /* GlassEditNoteSheet.swift */,
				C9A6069AA8F84A2D8E73EDEE /* NotesSearchPalette.swift */,
				F2E1D0C9B8A7F6E5D4C3B2A1 /* GlassOptionsMenu.swift */,
				A1B2C3D4E5F6789012345678 /* LiquidEditSheet.swift */,
				01BC21C72E260B8A00E04A55 /* EditBookSheet.swift */,
				01BC21C52E25806C00E04A55 /* BookDetailView.swift */,
				01BC21C32E2491BD00E04A55 /* NotesView.swift */,
				2B1234991234567890123456 /* UniversalCommandBar.swift */,
				2B12349C1234567890123456 /* CommandSuggestionsView.swift */,
				2B1234911234567890123456 /* LibraryView.swift */,
				2B1234931234567890123456 /* QuickCaptureSheet.swift */,
				2B1234951234567890123456 /* BookSearchSheet.swift */,
				2B12348F1234567890123456 /* MainNavigationView.swift */,
				2B12348B1234567890123456 /* GlassBlurTest.swift */,
			);
			path = Views;
			sourceTree = "<group>";
		};
		2B12349A1234567890123456 /* Models */ = {
			isa = PBXGroup;
			children = (
				2B1234971234567890123456 /* CommandIntent.swift */,
				2B12349E1234567890123456 /* GoogleBooksAPI.swift */,
			);
			path = Models;
			sourceTree = "<group>";
		};
/* End PBXGroup section */

/* Begin PBXNativeTarget section */
		2B1234511234567890123456 /* Epilogue */ = {
			isa = PBXNativeTarget;
			buildConfigurationList = 2B1234761234567890123456 /* Build configuration list for PBXNativeTarget "Epilogue" */;
			buildPhases = (
				2B12344E1234567890123456 /* Sources */,
				2B12344F1234567890123456 /* Frameworks */,
				2B1234501234567890123456 /* Resources */,
			);
			buildRules = (
			);
			dependencies = (
			);
			name = Epilogue;
			productName = Epilogue;
			productReference = 2B1234521234567890123456 /* Epilogue.app */;
			productType = "com.apple.product-type.application";
		};
		2B1234611234567890123456 /* EpilogueTests */ = {
			isa = PBXNativeTarget;
			buildConfigurationList = 2B1234791234567890123456 /* Build configuration list for PBXNativeTarget "EpilogueTests" */;
			buildPhases = (
				2B12345E1234567890123456 /* Sources */,
				2B12345F1234567890123456 /* Frameworks */,
				2B1234601234567890123456 /* Resources */,
			);
			buildRules = (
			);
			dependencies = (
				2B1234641234567890123456 /* PBXTargetDependency */,
			);
			name = EpilogueTests;
			productName = EpilogueTests;
			productReference = 2B1234621234567890123456 /* EpilogueTests.xctest */;
			productType = "com.apple.product-type.bundle.unit-test";
		};
		2B12346B1234567890123456 /* EpilogueUITests */ = {
			isa = PBXNativeTarget;
			buildConfigurationList = 2B12347C1234567890123456 /* Build configuration list for PBXNativeTarget "EpilogueUITests" */;
			buildPhases = (
				2B1234681234567890123456 /* Sources */,
				2B1234691234567890123456 /* Frameworks */,
				2B12346A1234567890123456 /* Resources */,
			);
			buildRules = (
			);
			dependencies = (
				2B12346E1234567890123456 /* PBXTargetDependency */,
			);
			name = EpilogueUITests;
			productName = EpilogueUITests;
			productReference = 2B12346C1234567890123456 /* EpilogueUITests.xctest */;
			productType = "com.apple.product-type.bundle.ui-testing";
		};
/* End PBXNativeTarget section */

/* Begin PBXProject section */
		2B12344A1234567890123456 /* Project object */ = {
			isa = PBXProject;
			attributes = {
				BuildIndependentTargetsInParallel = 1;
				LastSwiftUpdateCheck = 1540;
				LastUpgradeCheck = 1540;
				TargetAttributes = {
					2B1234511234567890123456 = {
						CreatedOnToolsVersion = 15.4.0;
					};
					2B1234611234567890123456 = {
						CreatedOnToolsVersion = 15.4.0;
						TestTargetID = 2B1234511234567890123456;
					};
					2B12346B1234567890123456 = {
						CreatedOnToolsVersion = 15.4.0;
						TestTargetID = 2B1234511234567890123456;
					};
				};
			};
			buildConfigurationList = 2B12344D1234567890123456 /* Build configuration list for PBXProject "Epilogue" */;
			compatibilityVersion = "Xcode 14.0";
			developmentRegion = en;
			hasScannedForEncodings = 0;
			knownRegions = (
				en,
				Base,
			);
			mainGroup = 2B1234491234567890123456;
			productRefGroup = 2B1234531234567890123456 /* Products */;
			projectDirPath = "";
			projectRoot = "";
			targets = (
				2B1234511234567890123456 /* Epilogue */,
				2B1234611234567890123456 /* EpilogueTests */,
				2B12346B1234567890123456 /* EpilogueUITests */,
			);
		};
/* End PBXProject section */

/* Begin PBXResourcesBuildPhase section */
		2B1234501234567890123456 /* Resources */ = {
			isa = PBXResourcesBuildPhase;
			buildActionMask = 2147483647;
			files = (
				2B12345D1234567890123456 /* Preview Assets.xcassets in Resources */,
				2B12345A1234567890123456 /* Assets.xcassets in Resources */,
			);
			runOnlyForDeploymentPostprocessing = 0;
		};
		2B1234601234567890123456 /* Resources */ = {
			isa = PBXResourcesBuildPhase;
			buildActionMask = 2147483647;
			files = (
			);
			runOnlyForDeploymentPostprocessing = 0;
		};
		2B12346A1234567890123456 /* Resources */ = {
			isa = PBXResourcesBuildPhase;
			buildActionMask = 2147483647;
			files = (
			);
			runOnlyForDeploymentPostprocessing = 0;
		};
/* End PBXResourcesBuildPhase section */

/* Begin PBXSourcesBuildPhase section */
		2B12344E1234567890123456 /* Sources */ = {
			isa = PBXSourcesBuildPhase;
			buildActionMask = 2147483647;
			files = (
				01BC21CF2E26AB3E00E04A55 /* GlassMaterialization.swift in Sources */,
				01BC21D02E26AB3E00E04A55 /* LiquidCommandPalette.swift in Sources */,
				39CF5568A7D14D8682126B61 /* GlassEditNoteSheet.swift in Sources */,
				8343304CC97A4B7B82B14E17 /* NotesSearchPalette.swift in Sources */,
				01BC21D42E27566800E04A55 /* ChatView.swift in Sources */,
				A1B2C3D4E5F6A7B8C9D0E1F2 /* GlassOptionsMenu.swift in Sources */,
				87654321FEDCBA9876543210 /* LiquidEditSheet.swift in Sources */,
				2B1234581234567890123456 /* ContentView.swift in Sources */,
				2B1234561234567890123456 /* EpilogueApp.swift in Sources */,
				2B12348C1234567890123456 /* Typography.swift in Sources */,
				2B1234961234567890123456 /* CommandIntent.swift in Sources */,
				01BC21D72E275A6800E04A55 /* PerplexityService.swift in Sources */,
				2B1234981234567890123456 /* UniversalCommandBar.swift in Sources */,
				2B12349B1234567890123456 /* CommandSuggestionsView.swift in Sources */,
				01BC21C62E25806C00E04A55 /* BookDetailView.swift in Sources */,
				2B1234901234567890123456 /* LibraryView.swift in Sources */,
				01BC21C82E260B8A00E04A55 /* EditBookSheet.swift in Sources */,
				2B1234921234567890123456 /* QuickCaptureSheet.swift in Sources */,
				2B1234941234567890123456 /* BookSearchSheet.swift in Sources */,
				01BC21C42E2491BD00E04A55 /* NotesView.swift in Sources */,
				2B12348E1234567890123456 /* MainNavigationView.swift in Sources */,
				2B12348A1234567890123456 /* GlassBlurTest.swift in Sources */,
				2B12349D1234567890123456 /* GoogleBooksAPI.swift in Sources */,
			);
			runOnlyForDeploymentPostprocessing = 0;
		};
		2B12345E1234567890123456 /* Sources */ = {
			isa = PBXSourcesBuildPhase;
			buildActionMask = 2147483647;
			files = (
				2B1234671234567890123456 /* EpilogueTests.swift in Sources */,
			);
			runOnlyForDeploymentPostprocessing = 0;
		};
		2B1234681234567890123456 /* Sources */ = {
			isa = PBXSourcesBuildPhase;
			buildActionMask = 2147483647;
			files = (
				2B1234731234567890123456 /* EpilogueUITestsLaunchTests.swift in Sources */,
				2B1234711234567890123456 /* EpilogueUITests.swift in Sources */,
			);
			runOnlyForDeploymentPostprocessing = 0;
		};
/* End PBXSourcesBuildPhase section */

/* Begin PBXTargetDependency section */
		2B1234641234567890123456 /* PBXTargetDependency */ = {
			isa = PBXTargetDependency;
			target = 2B1234511234567890123456 /* Epilogue */;
			targetProxy = 2B1234631234567890123456 /* PBXContainerItemProxy */;
		};
		2B12346E1234567890123456 /* PBXTargetDependency */ = {
			isa = PBXTargetDependency;
			target = 2B1234511234567890123456 /* Epilogue */;
			targetProxy = 2B12346D1234567890123456 /* PBXContainerItemProxy */;
		};
/* End PBXTargetDependency section */

/* Begin XCBuildConfiguration section */
		2B1234741234567890123456 /* Debug */ = {
			isa = XCBuildConfiguration;
			baseConfigurationReference = 01BC21D52E2759D200E04A55 /* Config.xcconfig */;
			buildSettings = {
				ALWAYS_SEARCH_USER_PATHS = NO;
				ASSETCATALOG_COMPILER_GENERATE_SWIFT_ASSET_SYMBOL_EXTENSIONS = YES;
				CLANG_ANALYZER_NONNULL = YES;
				CLANG_ANALYZER_NUMBER_OBJECT_CONVERSION = YES_AGGRESSIVE;
				CLANG_CXX_LANGUAGE_STANDARD = "gnu++20";
				CLANG_ENABLE_MODULES = YES;
				CLANG_ENABLE_OBJC_ARC = YES;
				CLANG_ENABLE_OBJC_WEAK = YES;
				CLANG_WARN_BLOCK_CAPTURE_AUTORELEASING = YES;
				CLANG_WARN_BOOL_CONVERSION = YES;
				CLANG_WARN_COMMA = YES;
				CLANG_WARN_CONSTANT_CONVERSION = YES;
				CLANG_WARN_DEPRECATED_OBJC_IMPLEMENTATIONS = YES;
				CLANG_WARN_DIRECT_OBJC_ISA_USAGE = YES_ERROR;
				CLANG_WARN_DOCUMENTATION_COMMENTS = YES;
				CLANG_WARN_EMPTY_BODY = YES;
				CLANG_WARN_ENUM_CONVERSION = YES;
				CLANG_WARN_INFINITE_RECURSION = YES;
				CLANG_WARN_INT_CONVERSION = YES;
				CLANG_WARN_NON_LITERAL_NULL_CONVERSION = YES;
				CLANG_WARN_OBJC_IMPLICIT_RETAIN_SELF = YES;
				CLANG_WARN_OBJC_LITERAL_CONVERSION = YES;
				CLANG_WARN_OBJC_ROOT_CLASS = YES_ERROR;
				CLANG_WARN_QUOTED_INCLUDE_IN_FRAMEWORK_HEADER = YES;
				CLANG_WARN_RANGE_LOOP_ANALYSIS = YES;
				CLANG_WARN_STRICT_PROTOTYPES = YES;
				CLANG_WARN_SUSPICIOUS_MOVE = YES;
				CLANG_WARN_UNGUARDED_AVAILABILITY = YES_AGGRESSIVE;
				CLANG_WARN_UNREACHABLE_CODE = YES;
				CLANG_WARN__DUPLICATE_METHOD_MATCH = YES;
				COPY_PHASE_STRIP = NO;
				DEBUG_INFORMATION_FORMAT = dwarf;
				ENABLE_STRICT_OBJC_MSGSEND = YES;
				ENABLE_TESTABILITY = YES;
				ENABLE_USER_SCRIPT_SANDBOXING = YES;
				GCC_C_LANGUAGE_STANDARD = gnu17;
				GCC_DYNAMIC_NO_PIC = NO;
				GCC_NO_COMMON_BLOCKS = YES;
				GCC_OPTIMIZATION_LEVEL = 0;
				GCC_PREPROCESSOR_DEFINITIONS = (
					"DEBUG=1",
					"$(inherited)",
				);
				GCC_WARN_64_TO_32_BIT_CONVERSION = YES;
				GCC_WARN_ABOUT_RETURN_TYPE = YES_ERROR;
				GCC_WARN_UNDECLARED_SELECTOR = YES;
				GCC_WARN_UNINITIALIZED_AUTOS = YES_AGGRESSIVE;
				GCC_WARN_UNUSED_FUNCTION = YES;
				GCC_WARN_UNUSED_VARIABLE = YES;
				INFOPLIST_PREPROCESS = YES;
				IPHONEOS_DEPLOYMENT_TARGET = 26.0;
				LOCALIZATION_PREFERS_STRING_CATALOGS = YES;
				MTL_ENABLE_DEBUG_INFO = INCLUDE_SOURCE;
				MTL_FAST_MATH = YES;
				ONLY_ACTIVE_ARCH = YES;
				SDKROOT = iphoneos;
				SWIFT_ACTIVE_COMPILATION_CONDITIONS = "DEBUG $(inherited)";
				SWIFT_OPTIMIZATION_LEVEL = "-Onone";
			};
			name = Debug;
		};
		2B1234751234567890123456 /* Release */ = {
			isa = XCBuildConfiguration;
			buildSettings = {
				ALWAYS_SEARCH_USER_PATHS = NO;
				ASSETCATALOG_COMPILER_GENERATE_SWIFT_ASSET_SYMBOL_EXTENSIONS = YES;
				CLANG_ANALYZER_NONNULL = YES;
				CLANG_ANALYZER_NUMBER_OBJECT_CONVERSION = YES_AGGRESSIVE;
				CLANG_CXX_LANGUAGE_STANDARD = "gnu++20";
				CLANG_ENABLE_MODULES = YES;
				CLANG_ENABLE_OBJC_ARC = YES;
				CLANG_ENABLE_OBJC_WEAK = YES;
				CLANG_WARN_BLOCK_CAPTURE_AUTORELEASING = YES;
				CLANG_WARN_BOOL_CONVERSION = YES;
				CLANG_WARN_COMMA = YES;
				CLANG_WARN_CONSTANT_CONVERSION = YES;
				CLANG_WARN_DEPRECATED_OBJC_IMPLEMENTATIONS = YES;
				CLANG_WARN_DIRECT_OBJC_ISA_USAGE = YES_ERROR;
				CLANG_WARN_DOCUMENTATION_COMMENTS = YES;
				CLANG_WARN_EMPTY_BODY = YES;
				CLANG_WARN_ENUM_CONVERSION = YES;
				CLANG_WARN_INFINITE_RECURSION = YES;
				CLANG_WARN_INT_CONVERSION = YES;
				CLANG_WARN_NON_LITERAL_NULL_CONVERSION = YES;
				CLANG_WARN_OBJC_IMPLICIT_RETAIN_SELF = YES;
				CLANG_WARN_OBJC_LITERAL_CONVERSION = YES;
				CLANG_WARN_OBJC_ROOT_CLASS = YES_ERROR;
				CLANG_WARN_QUOTED_INCLUDE_IN_FRAMEWORK_HEADER = YES;
				CLANG_WARN_RANGE_LOOP_ANALYSIS = YES;
				CLANG_WARN_STRICT_PROTOTYPES = YES;
				CLANG_WARN_SUSPICIOUS_MOVE = YES;
				CLANG_WARN_UNGUARDED_AVAILABILITY = YES_AGGRESSIVE;
				CLANG_WARN_UNREACHABLE_CODE = YES;
				CLANG_WARN__DUPLICATE_METHOD_MATCH = YES;
				COPY_PHASE_STRIP = NO;
				DEBUG_INFORMATION_FORMAT = "dwarf-with-dsym";
				ENABLE_NS_ASSERTIONS = NO;
				ENABLE_STRICT_OBJC_MSGSEND = YES;
				ENABLE_USER_SCRIPT_SANDBOXING = YES;
				GCC_C_LANGUAGE_STANDARD = gnu17;
				GCC_NO_COMMON_BLOCKS = YES;
				GCC_WARN_64_TO_32_BIT_CONVERSION = YES;
				GCC_WARN_ABOUT_RETURN_TYPE = YES_ERROR;
				GCC_WARN_UNDECLARED_SELECTOR = YES;
				GCC_WARN_UNINITIALIZED_AUTOS = YES_AGGRESSIVE;
				GCC_WARN_UNUSED_FUNCTION = YES;
				GCC_WARN_UNUSED_VARIABLE = YES;
				INFOPLIST_PREPROCESS = YES;
				IPHONEOS_DEPLOYMENT_TARGET = 26.0;
				LOCALIZATION_PREFERS_STRING_CATALOGS = YES;
				MTL_ENABLE_DEBUG_INFO = NO;
				MTL_FAST_MATH = YES;
				SDKROOT = iphoneos;
				SWIFT_COMPILATION_MODE = wholemodule;
				VALIDATE_PRODUCT = YES;
			};
			name = Release;
		};
		2B1234771234567890123456 /* Debug */ = {
			isa = XCBuildConfiguration;
			buildSettings = {
				ASSETCATALOG_COMPILER_APPICON_NAME = AppIcon;
				ASSETCATALOG_COMPILER_GLOBAL_ACCENT_COLOR_NAME = AccentColor;
				CODE_SIGN_STYLE = Automatic;
				CURRENT_PROJECT_VERSION = 1;
				DEVELOPMENT_ASSET_PATHS = "\"Epilogue/Preview Content\"";
				DEVELOPMENT_TEAM = KWJNMWT2B9;
				ENABLE_PREVIEWS = YES;
				GENERATE_INFOPLIST_FILE = YES;
				INFOPLIST_FILE = Epilogue/Info.plist;
				INFOPLIST_KEY_UIApplicationSceneManifest_Generation = YES;
				INFOPLIST_KEY_UIApplicationSupportsIndirectInputEvents = YES;
				INFOPLIST_KEY_UILaunchScreen_Generation = YES;
				INFOPLIST_KEY_UISupportedInterfaceOrientations_iPad = "UIInterfaceOrientationPortrait UIInterfaceOrientationPortraitUpsideDown UIInterfaceOrientationLandscapeLeft UIInterfaceOrientationLandscapeRight";
				INFOPLIST_KEY_UISupportedInterfaceOrientations_iPhone = "UIInterfaceOrientationPortrait UIInterfaceOrientationLandscapeLeft UIInterfaceOrientationLandscapeRight";
				IPHONEOS_DEPLOYMENT_TARGET = 26.0;
				LD_RUNPATH_SEARCH_PATHS = (
					"$(inherited)",
					"@executable_path/Frameworks",
				);
				MARKETING_VERSION = 1.0;
				PRODUCT_BUNDLE_IDENTIFIER = com.epilogue.Epilogue;
				PRODUCT_NAME = "$(TARGET_NAME)";
				SWIFT_EMIT_LOC_STRINGS = YES;
				SWIFT_VERSION = 5.0;
				TARGETED_DEVICE_FAMILY = "1,2";
			};
			name = Debug;
		};
		2B1234781234567890123456 /* Release */ = {
			isa = XCBuildConfiguration;
			buildSettings = {
				ASSETCATALOG_COMPILER_APPICON_NAME = AppIcon;
				ASSETCATALOG_COMPILER_GLOBAL_ACCENT_COLOR_NAME = AccentColor;
				CODE_SIGN_STYLE = Automatic;
				CURRENT_PROJECT_VERSION = 1;
				DEVELOPMENT_ASSET_PATHS = "\"Epilogue/Preview Content\"";
				DEVELOPMENT_TEAM = KWJNMWT2B9;
				ENABLE_PREVIEWS = YES;
				GENERATE_INFOPLIST_FILE = YES;
				INFOPLIST_FILE = Epilogue/Info.plist;
				INFOPLIST_KEY_UIApplicationSceneManifest_Generation = YES;
				INFOPLIST_KEY_UIApplicationSupportsIndirectInputEvents = YES;
				INFOPLIST_KEY_UILaunchScreen_Generation = YES;
				INFOPLIST_KEY_UISupportedInterfaceOrientations_iPad = "UIInterfaceOrientationPortrait UIInterfaceOrientationPortraitUpsideDown UIInterfaceOrientationLandscapeLeft UIInterfaceOrientationLandscapeRight";
				INFOPLIST_KEY_UISupportedInterfaceOrientations_iPhone = "UIInterfaceOrientationPortrait UIInterfaceOrientationLandscapeLeft UIInterfaceOrientationLandscapeRight";
				IPHONEOS_DEPLOYMENT_TARGET = 26.0;
				LD_RUNPATH_SEARCH_PATHS = (
					"$(inherited)",
					"@executable_path/Frameworks",
				);
				MARKETING_VERSION = 1.0;
				PRODUCT_BUNDLE_IDENTIFIER = com.epilogue.Epilogue;
				PRODUCT_NAME = "$(TARGET_NAME)";
				SWIFT_EMIT_LOC_STRINGS = YES;
				SWIFT_VERSION = 5.0;
				TARGETED_DEVICE_FAMILY = "1,2";
			};
			name = Release;
		};
		2B12347A1234567890123456 /* Debug */ = {
			isa = XCBuildConfiguration;
			buildSettings = {
				ALWAYS_EMBED_SWIFT_STANDARD_LIBRARIES = YES;
				BUNDLE_LOADER = "$(TEST_HOST)";
				CODE_SIGN_STYLE = Automatic;
				CURRENT_PROJECT_VERSION = 1;
				GENERATE_INFOPLIST_FILE = YES;
				IPHONEOS_DEPLOYMENT_TARGET = 17.0;
				MARKETING_VERSION = 1.0;
				PRODUCT_BUNDLE_IDENTIFIER = com.epilogue.EpilogueTests;
				PRODUCT_NAME = "$(TARGET_NAME)";
				SWIFT_EMIT_LOC_STRINGS = NO;
				SWIFT_VERSION = 5.0;
				TARGETED_DEVICE_FAMILY = "1,2";
				TEST_HOST = "$(BUILT_PRODUCTS_DIR)/Epilogue.app/$(BUNDLE_EXECUTABLE_FOLDER_PATH)/Epilogue";
			};
			name = Debug;
		};
		2B12347B1234567890123456 /* Release */ = {
			isa = XCBuildConfiguration;
			buildSettings = {
				ALWAYS_EMBED_SWIFT_STANDARD_LIBRARIES = YES;
				BUNDLE_LOADER = "$(TEST_HOST)";
				CODE_SIGN_STYLE = Automatic;
				CURRENT_PROJECT_VERSION = 1;
				GENERATE_INFOPLIST_FILE = YES;
				IPHONEOS_DEPLOYMENT_TARGET = 17.0;
				MARKETING_VERSION = 1.0;
				PRODUCT_BUNDLE_IDENTIFIER = com.epilogue.EpilogueTests;
				PRODUCT_NAME = "$(TARGET_NAME)";
				SWIFT_EMIT_LOC_STRINGS = NO;
				SWIFT_VERSION = 5.0;
				TARGETED_DEVICE_FAMILY = "1,2";
				TEST_HOST = "$(BUILT_PRODUCTS_DIR)/Epilogue.app/$(BUNDLE_EXECUTABLE_FOLDER_PATH)/Epilogue";
			};
			name = Release;
		};
		2B12347D1234567890123456 /* Debug */ = {
			isa = XCBuildConfiguration;
			buildSettings = {
				ALWAYS_EMBED_SWIFT_STANDARD_LIBRARIES = YES;
				CODE_SIGN_STYLE = Automatic;
				CURRENT_PROJECT_VERSION = 1;
				GENERATE_INFOPLIST_FILE = YES;
				MARKETING_VERSION = 1.0;
				PRODUCT_BUNDLE_IDENTIFIER = com.epilogue.EpilogueUITests;
				PRODUCT_NAME = "$(TARGET_NAME)";
				SWIFT_EMIT_LOC_STRINGS = NO;
				SWIFT_VERSION = 5.0;
				TARGETED_DEVICE_FAMILY = "1,2";
				TEST_TARGET_NAME = Epilogue;
			};
			name = Debug;
		};
		2B12347E1234567890123456 /* Release */ = {
			isa = XCBuildConfiguration;
			buildSettings = {
				ALWAYS_EMBED_SWIFT_STANDARD_LIBRARIES = YES;
				CODE_SIGN_STYLE = Automatic;
				CURRENT_PROJECT_VERSION = 1;
				GENERATE_INFOPLIST_FILE = YES;
				MARKETING_VERSION = 1.0;
				PRODUCT_BUNDLE_IDENTIFIER = com.epilogue.EpilogueUITests;
				PRODUCT_NAME = "$(TARGET_NAME)";
				SWIFT_EMIT_LOC_STRINGS = NO;
				SWIFT_VERSION = 5.0;
				TARGETED_DEVICE_FAMILY = "1,2";
				TEST_TARGET_NAME = Epilogue;
			};
			name = Release;
		};
/* End XCBuildConfiguration section */

/* Begin XCConfigurationList section */
		2B12344D1234567890123456 /* Build configuration list for PBXProject "Epilogue" */ = {
			isa = XCConfigurationList;
			buildConfigurations = (
				2B1234741234567890123456 /* Debug */,
				2B1234751234567890123456 /* Release */,
			);
			defaultConfigurationIsVisible = 0;
			defaultConfigurationName = Release;
		};
		2B1234761234567890123456 /* Build configuration list for PBXNativeTarget "Epilogue" */ = {
			isa = XCConfigurationList;
			buildConfigurations = (
				2B1234771234567890123456 /* Debug */,
				2B1234781234567890123456 /* Release */,
			);
			defaultConfigurationIsVisible = 0;
			defaultConfigurationName = Release;
		};
		2B1234791234567890123456 /* Build configuration list for PBXNativeTarget "EpilogueTests" */ = {
			isa = XCConfigurationList;
			buildConfigurations = (
				2B12347A1234567890123456 /* Debug */,
				2B12347B1234567890123456 /* Release */,
			);
			defaultConfigurationIsVisible = 0;
			defaultConfigurationName = Release;
		};
		2B12347C1234567890123456 /* Build configuration list for PBXNativeTarget "EpilogueUITests" */ = {
			isa = XCConfigurationList;
			buildConfigurations = (
				2B12347D1234567890123456 /* Debug */,
				2B12347E1234567890123456 /* Release */,
			);
			defaultConfigurationIsVisible = 0;
			defaultConfigurationName = Release;
		};
/* End XCConfigurationList section */
	};
	rootObject = 2B12344A1234567890123456 /* Project object */;
}
