{
  "originHash" : "74745c80908dab63f4846b00bbdfe41acb2e6132a9ced31d7d63c68e535782f5",
  "pins" : [
    {
      "identity" : "jinja",
      "kind" : "remoteSourceControl",
      "location" : "https://github.com/johnmai-dev/Jinja",
      "state" : {
        "revision" : "bb238dd96fbe4c18014f3107c00edd6edb15428e",
        "version" : "1.2.4"
      }
    },
    {
      "identity" : "swift-argument-parser",
      "kind" : "remoteSourceControl",
      "location" : "https://github.com/apple/swift-argument-parser.git",
      "state" : {
        "revision" : "309a47b2b1d9b5e991f36961c983ecec72275be3",
        "version" : "1.6.1"
      }
    },
    {
      "identity" : "swift-collections",
      "kind" : "remoteSourceControl",
      "location" : "https://github.com/apple/swift-collections.git",
      "state" : {
        "revision" : "8c0c0a8b49e080e54e5e328cc552821ff07cd341",
        "version" : "1.2.1"
      }
    },
    {
      "identity" : "swift-transformers",
      "kind" : "remoteSourceControl",
      "location" : "https://github.com/huggingface/swift-transformers.git",
      "state" : {
        "revision" : "8a83416cc00ab07a5de9991e6ad817a9b8588d20",
        "version" : "0.1.15"
      }
    },
    {
      "identity" : "uiimagecolors",
      "kind" : "remoteSourceControl",
      "location" : "https://github.com/jathu/UIImageColors",
      "state" : {
        "revision" : "e49e6c32ea556e9fa0109dc79686bea4a10d41a2",
        "version" : "2.2.0"
      }
    },
    {
      "identity" : "whisperkit",
      "kind" : "remoteSourceControl",
      "location" : "https://github.com/argmaxinc/WhisperKit",
      "state" : {
        "branch" : "main",
        "revision" : "3f13167641cf49a6023f509cda674e22f93b5220"
      }
    }
  ],
  "version" : 3
}
